
Microsoft Visual Studio Solution File, Format Version 12.00
# Visual Studio Version 16
VisualStudioVersion = 16.0.30002.166
MinimumVisualStudioVersion = 10.0.40219.1
Project("{2150E333-8FDC-42A3-9474-1A3956D46DE8}") = "src", "src", "{1F32F974-1A66-4887-8DC2-A8BAB3AEE17D}"
EndProject
Project("{E53339B2-1760-4266-BCC7-CA923CBCF16C}") = "docker-compose", "docker-compose.dcproj", "{713E06C6-B77B-4923-AE68-AA92DD40E0AF}"
EndProject
Project("{2150E333-8FDC-42A3-9474-1A3956D46DE8}") = "ApiGateway", "ApiGateway", "{F703CBBB-1C02-46A3-A84F-5D27604F2F61}"
EndProject
Project("{9A19103F-16F7-4668-BE54-9A1E7A4F7556}") = "APIGateway", "src\ApiGateway\APIGateway\APIGateway.csproj", "{861423CF-AB49-4A41-8DA8-B4E63EF077EC}"
EndProject
Project("{2150E333-8FDC-42A3-9474-1A3956D46DE8}") = "User", "User", "{5693989F-5829-4A46-9DE6-D62DF8C0A493}"
EndProject
Project("{2150E333-8FDC-42A3-9474-1A3956D46DE8}") = "User.API", "User.API", "{BE671CA6-E0B9-4ECD-B9D7-92CDBF1F954B}"
EndProject
Project("{9A19103F-16F7-4668-BE54-9A1E7A4F7556}") = "UserApi", "src\User\User.API\UserApi.csproj", "{CB5438FA-C749-46E9-B0FA-8AC8AAEF66A2}"
EndProject
Project("{2150E333-8FDC-42A3-9474-1A3956D46DE8}") = "Car", "Car", "{DE9AF5E2-F9B6-4E7C-B763-8959DB0AEBA0}"
EndProject
Project("{2150E333-8FDC-42A3-9474-1A3956D46DE8}") = "Car.API", "Car.API", "{716796EF-B103-4576-887F-2326B2D4D177}"
EndProject
Project("{9A19103F-16F7-4668-BE54-9A1E7A4F7556}") = "CarApi", "src\Car\Car.API\CarApi.csproj", "{98159038-566F-4FE1-B064-773F541485CC}"
EndProject
Project("{2150E333-8FDC-42A3-9474-1A3956D46DE8}") = "Costs", "Costs", "{3DEF2772-34C0-4802-A4A4-85BF5AEC1A76}"
EndProject
Project("{2150E333-8FDC-42A3-9474-1A3956D46DE8}") = "Costs.API", "Costs.API", "{94D6FCD0-5FCA-4393-85CD-1832723B1F88}"
EndProject
Project("{9A19103F-16F7-4668-BE54-9A1E7A4F7556}") = "CostsApi", "src\Costs\Costs.API\CostsApi.csproj", "{F671723F-1F90-4CB2-8B09-32243CD1D6FC}"
EndProject
Project("{2150E333-8FDC-42A3-9474-1A3956D46DE8}") = "Spendings", "Spendings", "{3AADD4B3-595A-46A2-A99A-1F266BB53B9D}"
EndProject
Project("{2150E333-8FDC-42A3-9474-1A3956D46DE8}") = "Spendings.API", "Spendings.API", "{CA10872F-3E71-4864-B680-1D56C06CB65F}"
EndProject
Project("{9A19103F-16F7-4668-BE54-9A1E7A4F7556}") = "SpendingsApi", "src\Spendings\Spendings.API\SpendingsApi.csproj", "{F31CEE3C-00F2-429A-880E-8780F65D2F28}"
EndProject
Project("{2150E333-8FDC-42A3-9474-1A3956D46DE8}") = "Transactions", "Transactions", "{790F45D5-7D9D-4775-9A89-EFB16ED13EB2}"
EndProject
Project("{2150E333-8FDC-42A3-9474-1A3956D46DE8}") = "Transactions.API", "Transactions.API", "{6F24E87B-0D17-4BAD-BAE2-761256A7A821}"
EndProject
Project("{9A19103F-16F7-4668-BE54-9A1E7A4F7556}") = "TransactionsApi", "src\Transactions\Transactions.API\TransactionsApi.csproj", "{F23C25AD-3A84-4A23-A762-6B44C44ADF20}"
EndProject
Global
	GlobalSection(SolutionConfigurationPlatforms) = preSolution
		Debug|Any CPU = Debug|Any CPU
		Release|Any CPU = Release|Any CPU
	EndGlobalSection
	GlobalSection(ProjectConfigurationPlatforms) = postSolution
		{713E06C6-B77B-4923-AE68-AA92DD40E0AF}.Debug|Any CPU.ActiveCfg = Debug|Any CPU
		{713E06C6-B77B-4923-AE68-AA92DD40E0AF}.Debug|Any CPU.Build.0 = Debug|Any CPU
		{713E06C6-B77B-4923-AE68-AA92DD40E0AF}.Release|Any CPU.ActiveCfg = Release|Any CPU
		{713E06C6-B77B-4923-AE68-AA92DD40E0AF}.Release|Any CPU.Build.0 = Release|Any CPU
		{861423CF-AB49-4A41-8DA8-B4E63EF077EC}.Debug|Any CPU.ActiveCfg = Debug|Any CPU
		{861423CF-AB49-4A41-8DA8-B4E63EF077EC}.Debug|Any CPU.Build.0 = Debug|Any CPU
		{861423CF-AB49-4A41-8DA8-B4E63EF077EC}.Release|Any CPU.ActiveCfg = Release|Any CPU
		{861423CF-AB49-4A41-8DA8-B4E63EF077EC}.Release|Any CPU.Build.0 = Release|Any CPU
		{CB5438FA-C749-46E9-B0FA-8AC8AAEF66A2}.Debug|Any CPU.ActiveCfg = Debug|Any CPU
		{CB5438FA-C749-46E9-B0FA-8AC8AAEF66A2}.Debug|Any CPU.Build.0 = Debug|Any CPU
		{CB5438FA-C749-46E9-B0FA-8AC8AAEF66A2}.Release|Any CPU.ActiveCfg = Release|Any CPU
		{CB5438FA-C749-46E9-B0FA-8AC8AAEF66A2}.Release|Any CPU.Build.0 = Release|Any CPU
		{98159038-566F-4FE1-B064-773F541485CC}.Debug|Any CPU.ActiveCfg = Debug|Any CPU
		{98159038-566F-4FE1-B064-773F541485CC}.Debug|Any CPU.Build.0 = Debug|Any CPU
		{98159038-566F-4FE1-B064-773F541485CC}.Release|Any CPU.ActiveCfg = Release|Any CPU
		{98159038-566F-4FE1-B064-773F541485CC}.Release|Any CPU.Build.0 = Release|Any CPU
		{F671723F-1F90-4CB2-8B09-32243CD1D6FC}.Debug|Any CPU.ActiveCfg = Debug|Any CPU
		{F671723F-1F90-4CB2-8B09-32243CD1D6FC}.Debug|Any CPU.Build.0 = Debug|Any CPU
		{F671723F-1F90-4CB2-8B09-32243CD1D6FC}.Release|Any CPU.ActiveCfg = Release|Any CPU
		{F671723F-1F90-4CB2-8B09-32243CD1D6FC}.Release|Any CPU.Build.0 = Release|Any CPU
		{F31CEE3C-00F2-429A-880E-8780F65D2F28}.Debug|Any CPU.ActiveCfg = Debug|Any CPU
		{F31CEE3C-00F2-429A-880E-8780F65D2F28}.Debug|Any CPU.Build.0 = Debug|Any CPU
		{F31CEE3C-00F2-429A-880E-8780F65D2F28}.Release|Any CPU.ActiveCfg = Release|Any CPU
		{F31CEE3C-00F2-429A-880E-8780F65D2F28}.Release|Any CPU.Build.0 = Release|Any CPU
		{F23C25AD-3A84-4A23-A762-6B44C44ADF20}.Debug|Any CPU.ActiveCfg = Debug|Any CPU
		{F23C25AD-3A84-4A23-A762-6B44C44ADF20}.Debug|Any CPU.Build.0 = Debug|Any CPU
		{F23C25AD-3A84-4A23-A762-6B44C44ADF20}.Release|Any CPU.ActiveCfg = Release|Any CPU
		{F23C25AD-3A84-4A23-A762-6B44C44ADF20}.Release|Any CPU.Build.0 = Release|Any CPU
	EndGlobalSection
	GlobalSection(SolutionProperties) = preSolution
		HideSolutionNode = FALSE
	EndGlobalSection
	GlobalSection(NestedProjects) = preSolution
		{F703CBBB-1C02-46A3-A84F-5D27604F2F61} = {1F32F974-1A66-4887-8DC2-A8BAB3AEE17D}
		{861423CF-AB49-4A41-8DA8-B4E63EF077EC} = {F703CBBB-1C02-46A3-A84F-5D27604F2F61}
		{5693989F-5829-4A46-9DE6-D62DF8C0A493} = {1F32F974-1A66-4887-8DC2-A8BAB3AEE17D}
		{BE671CA6-E0B9-4ECD-B9D7-92CDBF1F954B} = {5693989F-5829-4A46-9DE6-D62DF8C0A493}
		{CB5438FA-C749-46E9-B0FA-8AC8AAEF66A2} = {BE671CA6-E0B9-4ECD-B9D7-92CDBF1F954B}
		{DE9AF5E2-F9B6-4E7C-B763-8959DB0AEBA0} = {1F32F974-1A66-4887-8DC2-A8BAB3AEE17D}
		{716796EF-B103-4576-887F-2326B2D4D177} = {DE9AF5E2-F9B6-4E7C-B763-8959DB0AEBA0}
		{98159038-566F-4FE1-B064-773F541485CC} = {716796EF-B103-4576-887F-2326B2D4D177}
		{3DEF2772-34C0-4802-A4A4-85BF5AEC1A76} = {1F32F974-1A66-4887-8DC2-A8BAB3AEE17D}
		{94D6FCD0-5FCA-4393-85CD-1832723B1F88} = {3DEF2772-34C0-4802-A4A4-85BF5AEC1A76}
		{F671723F-1F90-4CB2-8B09-32243CD1D6FC} = {94D6FCD0-5FCA-4393-85CD-1832723B1F88}
		{3AADD4B3-595A-46A2-A99A-1F266BB53B9D} = {1F32F974-1A66-4887-8DC2-A8BAB3AEE17D}
		{CA10872F-3E71-4864-B680-1D56C06CB65F} = {3AADD4B3-595A-46A2-A99A-1F266BB53B9D}
		{F31CEE3C-00F2-429A-880E-8780F65D2F28} = {CA10872F-3E71-4864-B680-1D56C06CB65F}
		{790F45D5-7D9D-4775-9A89-EFB16ED13EB2} = {1F32F974-1A66-4887-8DC2-A8BAB3AEE17D}
		{6F24E87B-0D17-4BAD-BAE2-761256A7A821} = {790F45D5-7D9D-4775-9A89-EFB16ED13EB2}
		{F23C25AD-3A84-4A23-A762-6B44C44ADF20} = {6F24E87B-0D17-4BAD-BAE2-761256A7A821}
	EndGlobalSection
	GlobalSection(ExtensibilityGlobals) = postSolution
		SolutionGuid = {976E779A-BDC9-44B4-A778-269979171BDE}
	EndGlobalSection
EndGlobal
