
Microsoft Visual Studio Solution File, Format Version 12.00
# Visual Studio Version 16
VisualStudioVersion = 16.0.30611.23
MinimumVisualStudioVersion = 10.0.40219.1
Project("{9A19103F-16F7-4668-BE54-9A1E7A4F7556}") = "TransactionsApi", "TransactionsApi.csproj", "{9BDAFD3C-813F-4C0A-92B1-263CA07038CE}"
EndProject
Project("{9A19103F-16F7-4668-BE54-9A1E7A4F7556}") = "TransactionsTests", "..\TransactionsTests\TransactionsTests.csproj", "{77FB3D84-C307-4CA1-B7B5-8FB2E0437A15}"
EndProject
Project("{9A19103F-16F7-4668-BE54-9A1E7A4F7556}") = "CarApi", "..\..\Car\Car.API\CarApi.csproj", "{F791B232-321E-4983-897B-35CDB549DA52}"
EndProject
Project("{9A19103F-16F7-4668-BE54-9A1E7A4F7556}") = "SpendingsApi", "..\..\Spendings\Spendings.API\SpendingsApi.csproj", "{F92ADE2A-3AEE-4BFE-8260-47C097715C0D}"
EndProject
Project("{9A19103F-16F7-4668-BE54-9A1E7A4F7556}") = "CostsApi", "..\..\Costs\Costs.API\CostsApi.csproj", "{D2490EF6-E92E-4E43-9532-176DB55B5C98}"
EndProject
Global
	GlobalSection(SolutionConfigurationPlatforms) = preSolution
		Debug|Any CPU = Debug|Any CPU
		Release|Any CPU = Release|Any CPU
	EndGlobalSection
	GlobalSection(ProjectConfigurationPlatforms) = postSolution
		{9BDAFD3C-813F-4C0A-92B1-263CA07038CE}.Debug|Any CPU.ActiveCfg = Debug|Any CPU
		{9BDAFD3C-813F-4C0A-92B1-263CA07038CE}.Debug|Any CPU.Build.0 = Debug|Any CPU
		{9BDAFD3C-813F-4C0A-92B1-263CA07038CE}.Release|Any CPU.ActiveCfg = Release|Any CPU
		{9BDAFD3C-813F-4C0A-92B1-263CA07038CE}.Release|Any CPU.Build.0 = Release|Any CPU
		{77FB3D84-C307-4CA1-B7B5-8FB2E0437A15}.Debug|Any CPU.ActiveCfg = Debug|Any CPU
		{77FB3D84-C307-4CA1-B7B5-8FB2E0437A15}.Debug|Any CPU.Build.0 = Debug|Any CPU
		{77FB3D84-C307-4CA1-B7B5-8FB2E0437A15}.Release|Any CPU.ActiveCfg = Release|Any CPU
		{77FB3D84-C307-4CA1-B7B5-8FB2E0437A15}.Release|Any CPU.Build.0 = Release|Any CPU
		{F791B232-321E-4983-897B-35CDB549DA52}.Debug|Any CPU.ActiveCfg = Debug|Any CPU
		{F791B232-321E-4983-897B-35CDB549DA52}.Debug|Any CPU.Build.0 = Debug|Any CPU
		{F791B232-321E-4983-897B-35CDB549DA52}.Release|Any CPU.ActiveCfg = Release|Any CPU
		{F791B232-321E-4983-897B-35CDB549DA52}.Release|Any CPU.Build.0 = Release|Any CPU
		{F92ADE2A-3AEE-4BFE-8260-47C097715C0D}.Debug|Any CPU.ActiveCfg = Debug|Any CPU
		{F92ADE2A-3AEE-4BFE-8260-47C097715C0D}.Debug|Any CPU.Build.0 = Debug|Any CPU
		{F92ADE2A-3AEE-4BFE-8260-47C097715C0D}.Release|Any CPU.ActiveCfg = Release|Any CPU
		{F92ADE2A-3AEE-4BFE-8260-47C097715C0D}.Release|Any CPU.Build.0 = Release|Any CPU
		{D2490EF6-E92E-4E43-9532-176DB55B5C98}.Debug|Any CPU.ActiveCfg = Debug|Any CPU
		{D2490EF6-E92E-4E43-9532-176DB55B5C98}.Debug|Any CPU.Build.0 = Debug|Any CPU
		{D2490EF6-E92E-4E43-9532-176DB55B5C98}.Release|Any CPU.ActiveCfg = Release|Any CPU
		{D2490EF6-E92E-4E43-9532-176DB55B5C98}.Release|Any CPU.Build.0 = Release|Any CPU
	EndGlobalSection
	GlobalSection(SolutionProperties) = preSolution
		HideSolutionNode = FALSE
	EndGlobalSection
	GlobalSection(ExtensibilityGlobals) = postSolution
		SolutionGuid = {AF0EAB10-3CB8-4A46-8F7B-E63A37A64033}
	EndGlobalSection
EndGlobal
