
Microsoft Visual Studio Solution File, Format Version 12.00
# Visual Studio Version 16
VisualStudioVersion = 16.0.30621.155
MinimumVisualStudioVersion = 10.0.40219.1
Project("{9A19103F-16F7-4668-BE54-9A1E7A4F7556}") = "CostsApi", "CostsApi.csproj", "{27C384F4-A465-4556-8975-1B2EFB55EDF5}"
EndProject
Project("{9A19103F-16F7-4668-BE54-9A1E7A4F7556}") = "CostsTests", "..\CostsTest\CostsTests.csproj", "{59DB3D82-4D02-4554-86F1-A0151FD7CB9B}"
EndProject
Global
	GlobalSection(SolutionConfigurationPlatforms) = preSolution
		Debug|Any CPU = Debug|Any CPU
		Release|Any CPU = Release|Any CPU
	EndGlobalSection
	GlobalSection(ProjectConfigurationPlatforms) = postSolution
		{27C384F4-A465-4556-8975-1B2EFB55EDF5}.Debug|Any CPU.ActiveCfg = Debug|Any CPU
		{27C384F4-A465-4556-8975-1B2EFB55EDF5}.Debug|Any CPU.Build.0 = Debug|Any CPU
		{27C384F4-A465-4556-8975-1B2EFB55EDF5}.Release|Any CPU.ActiveCfg = Release|Any CPU
		{27C384F4-A465-4556-8975-1B2EFB55EDF5}.Release|Any CPU.Build.0 = Release|Any CPU
		{59DB3D82-4D02-4554-86F1-A0151FD7CB9B}.Debug|Any CPU.ActiveCfg = Debug|Any CPU
		{59DB3D82-4D02-4554-86F1-A0151FD7CB9B}.Debug|Any CPU.Build.0 = Debug|Any CPU
		{59DB3D82-4D02-4554-86F1-A0151FD7CB9B}.Release|Any CPU.ActiveCfg = Release|Any CPU
		{59DB3D82-4D02-4554-86F1-A0151FD7CB9B}.Release|Any CPU.Build.0 = Release|Any CPU
	EndGlobalSection
	GlobalSection(SolutionProperties) = preSolution
		HideSolutionNode = FALSE
	EndGlobalSection
	GlobalSection(ExtensibilityGlobals) = postSolution
		SolutionGuid = {A2A58AA9-9A75-42F0-9BA7-B9765EF08B90}
	EndGlobalSection
EndGlobal
